
Microsoft Visual Studio Solution File, Format Version 12.00
# Visual Studio Version 16
VisualStudioVersion = 16.0.30804.86
MinimumVisualStudioVersion = 10.0.40219.1
Project("{FAE04EC0-301F-11D3-BF4B-00C04F79EFBC}") = "chat_test_functions", "chat_test_functions\chat_test_functions.csproj", "{4996D410-9670-437D-935E-6B3908AFB11F}"
EndProject
Global
	GlobalSection(SolutionConfigurationPlatforms) = preSolution
		Debug|Any CPU = Debug|Any CPU
		Release|Any CPU = Release|Any CPU
	EndGlobalSection
	GlobalSection(ProjectConfigurationPlatforms) = postSolution
		{4996D410-9670-437D-935E-6B3908AFB11F}.Debug|Any CPU.ActiveCfg = Debug|Any CPU
		{4996D410-9670-437D-935E-6B3908AFB11F}.Debug|Any CPU.Build.0 = Debug|Any CPU
		{4996D410-9670-437D-935E-6B3908AFB11F}.Release|Any CPU.ActiveCfg = Release|Any CPU
		{4996D410-9670-437D-935E-6B3908AFB11F}.Release|Any CPU.Build.0 = Release|Any CPU
	EndGlobalSection
	GlobalSection(SolutionProperties) = preSolution
		HideSolutionNode = FALSE
	EndGlobalSection
	GlobalSection(ExtensibilityGlobals) = postSolution
		SolutionGuid = {ADC9FC7A-3B52-4C09-9EBC-E779A7EAF527}
	EndGlobalSection
EndGlobal
